
Microsoft Visual Studio Solution File, Format Version 12.00
# Visual Studio Version 16
VisualStudioVersion = 16.0.30011.22
MinimumVisualStudioVersion = 10.0.40219.1
Project("{FAE04EC0-301F-11D3-BF4B-00C04F79EFBC}") = "mtgcli", "mtgcli\mtgcli.csproj", "{DC2F64CB-9AB7-492B-B1D7-035ADCAFF566}"
EndProject
Global
	GlobalSection(SolutionConfigurationPlatforms) = preSolution
		Debug|Any CPU = Debug|Any CPU
		Release|Any CPU = Release|Any CPU
	EndGlobalSection
	GlobalSection(ProjectConfigurationPlatforms) = postSolution
		{DC2F64CB-9AB7-492B-B1D7-035ADCAFF566}.Debug|Any CPU.ActiveCfg = Debug|Any CPU
		{DC2F64CB-9AB7-492B-B1D7-035ADCAFF566}.Debug|Any CPU.Build.0 = Debug|Any CPU
		{DC2F64CB-9AB7-492B-B1D7-035ADCAFF566}.Release|Any CPU.ActiveCfg = Release|Any CPU
		{DC2F64CB-9AB7-492B-B1D7-035ADCAFF566}.Release|Any CPU.Build.0 = Release|Any CPU
	EndGlobalSection
	GlobalSection(SolutionProperties) = preSolution
		HideSolutionNode = FALSE
	EndGlobalSection
	GlobalSection(ExtensibilityGlobals) = postSolution
		SolutionGuid = {C4EFF059-5FBE-49A7-A0D0-DF4A5BE9E092}
	EndGlobalSection
EndGlobal
